
Microsoft Visual Studio Solution File, Format Version 12.00
# Visual Studio Version 17
VisualStudioVersion = 17.8.34330.188
MinimumVisualStudioVersion = 10.0.40219.1
Project("{FAE04EC0-301F-11D3-BF4B-00C04F79EFBC}") = "SMS_Net_BD", "SMS_Net_BD\SMS_Net_BD.csproj", "{375FCBA5-B65B-4894-A285-332B905B61DB}"
EndProject
Global
	GlobalSection(SolutionConfigurationPlatforms) = preSolution
		Debug|Any CPU = Debug|Any CPU
		Release|Any CPU = Release|Any CPU
	EndGlobalSection
	GlobalSection(ProjectConfigurationPlatforms) = postSolution
		{375FCBA5-B65B-4894-A285-332B905B61DB}.Debug|Any CPU.ActiveCfg = Debug|Any CPU
		{375FCBA5-B65B-4894-A285-332B905B61DB}.Debug|Any CPU.Build.0 = Debug|Any CPU
		{375FCBA5-B65B-4894-A285-332B905B61DB}.Release|Any CPU.ActiveCfg = Release|Any CPU
		{375FCBA5-B65B-4894-A285-332B905B61DB}.Release|Any CPU.Build.0 = Release|Any CPU
	EndGlobalSection
	GlobalSection(SolutionProperties) = preSolution
		HideSolutionNode = FALSE
	EndGlobalSection
	GlobalSection(ExtensibilityGlobals) = postSolution
		SolutionGuid = {14AC3B00-43BB-4E66-904A-BAE283D74F78}
	EndGlobalSection
EndGlobal
